
Microsoft Visual Studio Solution File, Format Version 12.00
Project("{FAE04EC0-301F-11D3-BF4B-00C04F79EFBC}") = "Wolfware.Moonlit.Cli", "Wolfware.Moonlit.Cli\Wolfware.Moonlit.Cli.csproj", "{3792579D-8B59-41CD-8CA6-2A761B1A9151}"
EndProject
Project("{FAE04EC0-301F-11D3-BF4B-00C04F79EFBC}") = "Wolfware.Moonlit.Core", "Wolfware.Moonlit.Core\Wolfware.Moonlit.Core.csproj", "{D6893E10-2DAB-4A05-BFF3-EB56A9A6E392}"
EndProject
Project("{FAE04EC0-301F-11D3-BF4B-00C04F79EFBC}") = "Wolfware.Moonlit.Plugins", "Wolfware.Moonlit.Plugins\Wolfware.Moonlit.Plugins.csproj", "{03C8CAFD-54B9-4446-8E27-6E1899142501}"
EndProject
Project("{FAE04EC0-301F-11D3-BF4B-00C04F79EFBC}") = "Wolfware.Moonlit.Plugins.Github", "Wolfware.Moonlit.Plugins.Github\Wolfware.Moonlit.Plugins.Github.csproj", "{636662C7-56E3-4600-9E4C-211B9550C422}"
EndProject
Project("{FAE04EC0-301F-11D3-BF4B-00C04F79EFBC}") = "Wolfware.Moonlit.Plugins.Slack", "Wolfware.Moonlit.Plugins.Slack\Wolfware.Moonlit.Plugins.Slack.csproj", "{159DF930-A111-409F-8A11-59184DCF253F}"
EndProject
Project("{2150E333-8FDC-42A3-9474-1A3956D46DE8}") = "_SolutionItems", "_SolutionItems", "{13C386E2-A161-4A86-8789-7E6DF6AA258F}"
	ProjectSection(SolutionItems) = preProject
		Directory.Build.props = Directory.Build.props
		Directory.Packages.props = Directory.Packages.props
		global.json = global.json
	EndProjectSection
EndProject
Project("{FAE04EC0-301F-11D3-BF4B-00C04F79EFBC}") = "Wolfware.Moonlit.Plugins.SemanticRelease", "Wolfware.Moonlit.Plugins.SemanticRelease\Wolfware.Moonlit.Plugins.SemanticRelease.csproj", "{68B47003-1231-499F-A543-F3FA87AD8E00}"
EndProject
Project("{FAE04EC0-301F-11D3-BF4B-00C04F79EFBC}") = "Wolfware.Moonlit.Plugins.Git", "Wolfware.Moonlit.Plugins.Git\Wolfware.Moonlit.Plugins.Git.csproj", "{180F9045-D96C-48E7-ABAA-0E368CAF0EE0}"
EndProject
Project("{FAE04EC0-301F-11D3-BF4B-00C04F79EFBC}") = "Wolfware.Moonlit.Plugins.Nuget", "Wolfware.Moonlit.Plugins.Nuget\Wolfware.Moonlit.Plugins.Nuget.csproj", "{9DAF23B0-5A3B-4DDB-A26B-3C5E21098184}"
EndProject
Project("{FAE04EC0-301F-11D3-BF4B-00C04F79EFBC}") = "Wolfware.Moonlit.Plugins.Docker", "Wolfware.Moonlit.Plugins.Docker\Wolfware.Moonlit.Plugins.Docker.csproj", "{C8F0ED98-E154-4A28-BDDC-FA8C7EFA35E8}"
EndProject
Project("{FAE04EC0-301F-11D3-BF4B-00C04F79EFBC}") = "Wolfware.Moonlit.Plugins.Npm", "Wolfware.Moonlit.Plugins.Npm\Wolfware.Moonlit.Plugins.Npm.csproj", "{609A38F7-81F8-4703-A9FD-B805B30D85C0}"
EndProject
Global
	GlobalSection(SolutionConfigurationPlatforms) = preSolution
		Debug|Any CPU = Debug|Any CPU
		Release|Any CPU = Release|Any CPU
	EndGlobalSection
	GlobalSection(ProjectConfigurationPlatforms) = postSolution
		{3792579D-8B59-41CD-8CA6-2A761B1A9151}.Debug|Any CPU.ActiveCfg = Debug|Any CPU
		{3792579D-8B59-41CD-8CA6-2A761B1A9151}.Debug|Any CPU.Build.0 = Debug|Any CPU
		{3792579D-8B59-41CD-8CA6-2A761B1A9151}.Release|Any CPU.ActiveCfg = Release|Any CPU
		{3792579D-8B59-41CD-8CA6-2A761B1A9151}.Release|Any CPU.Build.0 = Release|Any CPU
		{D6893E10-2DAB-4A05-BFF3-EB56A9A6E392}.Debug|Any CPU.ActiveCfg = Debug|Any CPU
		{D6893E10-2DAB-4A05-BFF3-EB56A9A6E392}.Debug|Any CPU.Build.0 = Debug|Any CPU
		{D6893E10-2DAB-4A05-BFF3-EB56A9A6E392}.Release|Any CPU.ActiveCfg = Release|Any CPU
		{D6893E10-2DAB-4A05-BFF3-EB56A9A6E392}.Release|Any CPU.Build.0 = Release|Any CPU
		{03C8CAFD-54B9-4446-8E27-6E1899142501}.Debug|Any CPU.ActiveCfg = Debug|Any CPU
		{03C8CAFD-54B9-4446-8E27-6E1899142501}.Debug|Any CPU.Build.0 = Debug|Any CPU
		{03C8CAFD-54B9-4446-8E27-6E1899142501}.Release|Any CPU.ActiveCfg = Release|Any CPU
		{03C8CAFD-54B9-4446-8E27-6E1899142501}.Release|Any CPU.Build.0 = Release|Any CPU
		{636662C7-56E3-4600-9E4C-211B9550C422}.Debug|Any CPU.ActiveCfg = Debug|Any CPU
		{636662C7-56E3-4600-9E4C-211B9550C422}.Debug|Any CPU.Build.0 = Debug|Any CPU
		{636662C7-56E3-4600-9E4C-211B9550C422}.Release|Any CPU.ActiveCfg = Release|Any CPU
		{636662C7-56E3-4600-9E4C-211B9550C422}.Release|Any CPU.Build.0 = Release|Any CPU
		{159DF930-A111-409F-8A11-59184DCF253F}.Debug|Any CPU.ActiveCfg = Debug|Any CPU
		{159DF930-A111-409F-8A11-59184DCF253F}.Debug|Any CPU.Build.0 = Debug|Any CPU
		{159DF930-A111-409F-8A11-59184DCF253F}.Release|Any CPU.ActiveCfg = Release|Any CPU
		{159DF930-A111-409F-8A11-59184DCF253F}.Release|Any CPU.Build.0 = Release|Any CPU
		{68B47003-1231-499F-A543-F3FA87AD8E00}.Debug|Any CPU.ActiveCfg = Debug|Any CPU
		{68B47003-1231-499F-A543-F3FA87AD8E00}.Debug|Any CPU.Build.0 = Debug|Any CPU
		{68B47003-1231-499F-A543-F3FA87AD8E00}.Release|Any CPU.ActiveCfg = Release|Any CPU
		{68B47003-1231-499F-A543-F3FA87AD8E00}.Release|Any CPU.Build.0 = Release|Any CPU
		{180F9045-D96C-48E7-ABAA-0E368CAF0EE0}.Debug|Any CPU.ActiveCfg = Debug|Any CPU
		{180F9045-D96C-48E7-ABAA-0E368CAF0EE0}.Debug|Any CPU.Build.0 = Debug|Any CPU
		{180F9045-D96C-48E7-ABAA-0E368CAF0EE0}.Release|Any CPU.ActiveCfg = Release|Any CPU
		{180F9045-D96C-48E7-ABAA-0E368CAF0EE0}.Release|Any CPU.Build.0 = Release|Any CPU
		{9DAF23B0-5A3B-4DDB-A26B-3C5E21098184}.Debug|Any CPU.ActiveCfg = Debug|Any CPU
		{9DAF23B0-5A3B-4DDB-A26B-3C5E21098184}.Debug|Any CPU.Build.0 = Debug|Any CPU
		{9DAF23B0-5A3B-4DDB-A26B-3C5E21098184}.Release|Any CPU.ActiveCfg = Release|Any CPU
		{9DAF23B0-5A3B-4DDB-A26B-3C5E21098184}.Release|Any CPU.Build.0 = Release|Any CPU
		{C8F0ED98-E154-4A28-BDDC-FA8C7EFA35E8}.Debug|Any CPU.ActiveCfg = Debug|Any CPU
		{C8F0ED98-E154-4A28-BDDC-FA8C7EFA35E8}.Debug|Any CPU.Build.0 = Debug|Any CPU
		{C8F0ED98-E154-4A28-BDDC-FA8C7EFA35E8}.Release|Any CPU.ActiveCfg = Release|Any CPU
		{C8F0ED98-E154-4A28-BDDC-FA8C7EFA35E8}.Release|Any CPU.Build.0 = Release|Any CPU
		{609A38F7-81F8-4703-A9FD-B805B30D85C0}.Debug|Any CPU.ActiveCfg = Debug|Any CPU
		{609A38F7-81F8-4703-A9FD-B805B30D85C0}.Debug|Any CPU.Build.0 = Debug|Any CPU
		{609A38F7-81F8-4703-A9FD-B805B30D85C0}.Release|Any CPU.ActiveCfg = Release|Any CPU
		{609A38F7-81F8-4703-A9FD-B805B30D85C0}.Release|Any CPU.Build.0 = Release|Any CPU
	EndGlobalSection
EndGlobal
